
Microsoft Visual Studio Solution File, Format Version 12.00
# Visual Studio 15
VisualStudioVersion = 15.0.28307.168
MinimumVisualStudioVersion = 10.0.40219.1
Project("{FAE04EC0-301F-11D3-BF4B-00C04F79EFBC}") = "Quiz", "Quiz\Quiz.csproj", "{5F7CD021-D05E-4F3A-837E-6FC42EAD5907}"
EndProject
Global
	GlobalSection(SolutionConfigurationPlatforms) = preSolution
		Debug|Any CPU = Debug|Any CPU
		Release|Any CPU = Release|Any CPU
	EndGlobalSection
	GlobalSection(ProjectConfigurationPlatforms) = postSolution
		{5F7CD021-D05E-4F3A-837E-6FC42EAD5907}.Debug|Any CPU.ActiveCfg = Debug|Any CPU
		{5F7CD021-D05E-4F3A-837E-6FC42EAD5907}.Debug|Any CPU.Build.0 = Debug|Any CPU
		{5F7CD021-D05E-4F3A-837E-6FC42EAD5907}.Release|Any CPU.ActiveCfg = Release|Any CPU
		{5F7CD021-D05E-4F3A-837E-6FC42EAD5907}.Release|Any CPU.Build.0 = Release|Any CPU
	EndGlobalSection
	GlobalSection(SolutionProperties) = preSolution
		HideSolutionNode = FALSE
	EndGlobalSection
	GlobalSection(ExtensibilityGlobals) = postSolution
		SolutionGuid = {7376EA1E-0607-49A8-B875-26EFEBFBD303}
	EndGlobalSection
EndGlobal
